
Microsoft Visual Studio Solution File, Format Version 12.00
# Visual Studio Version 17
VisualStudioVersion = 17.7.34031.279
MinimumVisualStudioVersion = 10.0.40219.1
Project("{FAE04EC0-301F-11D3-BF4B-00C04F79EFBC}") = "HuzlabBlog.Entities", "HuzlabBlog.Entities\HuzlabBlog.Entities.csproj", "{1AA76D4C-4A1D-4D7D-8B3F-CC291DDEBE6B}"
EndProject
Project("{FAE04EC0-301F-11D3-BF4B-00C04F79EFBC}") = "HuzlabBlog.Data", "HuzlabBlog.Data\HuzlabBlog.Data.csproj", "{B9BCF27D-5DD2-4E82-BEB2-2DE40426E5F0}"
EndProject
Project("{FAE04EC0-301F-11D3-BF4B-00C04F79EFBC}") = "HuzlabBlog.Core", "HuzlabBlog.Core\HuzlabBlog.Core.csproj", "{FBC4CAE2-4228-4E24-955B-A46EB0987CD5}"
EndProject
Project("{FAE04EC0-301F-11D3-BF4B-00C04F79EFBC}") = "HuzlabBlog.Service", "HuzlabBlog.Service\HuzlabBlog.Service.csproj", "{D0CBB097-67D0-40B1-BE06-8895E675F4B2}"
EndProject
Project("{FAE04EC0-301F-11D3-BF4B-00C04F79EFBC}") = "HuzlabBlog.Web", "HuzlabBlog.Web\HuzlabBlog.Web.csproj", "{E499DC37-2964-4F10-96B4-684FF8734C3E}"
EndProject
Global
	GlobalSection(SolutionConfigurationPlatforms) = preSolution
		Debug|Any CPU = Debug|Any CPU
		Release|Any CPU = Release|Any CPU
	EndGlobalSection
	GlobalSection(ProjectConfigurationPlatforms) = postSolution
		{1AA76D4C-4A1D-4D7D-8B3F-CC291DDEBE6B}.Debug|Any CPU.ActiveCfg = Debug|Any CPU
		{1AA76D4C-4A1D-4D7D-8B3F-CC291DDEBE6B}.Debug|Any CPU.Build.0 = Debug|Any CPU
		{1AA76D4C-4A1D-4D7D-8B3F-CC291DDEBE6B}.Release|Any CPU.ActiveCfg = Release|Any CPU
		{1AA76D4C-4A1D-4D7D-8B3F-CC291DDEBE6B}.Release|Any CPU.Build.0 = Release|Any CPU
		{B9BCF27D-5DD2-4E82-BEB2-2DE40426E5F0}.Debug|Any CPU.ActiveCfg = Debug|Any CPU
		{B9BCF27D-5DD2-4E82-BEB2-2DE40426E5F0}.Debug|Any CPU.Build.0 = Debug|Any CPU
		{B9BCF27D-5DD2-4E82-BEB2-2DE40426E5F0}.Release|Any CPU.ActiveCfg = Release|Any CPU
		{B9BCF27D-5DD2-4E82-BEB2-2DE40426E5F0}.Release|Any CPU.Build.0 = Release|Any CPU
		{FBC4CAE2-4228-4E24-955B-A46EB0987CD5}.Debug|Any CPU.ActiveCfg = Debug|Any CPU
		{FBC4CAE2-4228-4E24-955B-A46EB0987CD5}.Debug|Any CPU.Build.0 = Debug|Any CPU
		{FBC4CAE2-4228-4E24-955B-A46EB0987CD5}.Release|Any CPU.ActiveCfg = Release|Any CPU
		{FBC4CAE2-4228-4E24-955B-A46EB0987CD5}.Release|Any CPU.Build.0 = Release|Any CPU
		{D0CBB097-67D0-40B1-BE06-8895E675F4B2}.Debug|Any CPU.ActiveCfg = Debug|Any CPU
		{D0CBB097-67D0-40B1-BE06-8895E675F4B2}.Debug|Any CPU.Build.0 = Debug|Any CPU
		{D0CBB097-67D0-40B1-BE06-8895E675F4B2}.Release|Any CPU.ActiveCfg = Release|Any CPU
		{D0CBB097-67D0-40B1-BE06-8895E675F4B2}.Release|Any CPU.Build.0 = Release|Any CPU
		{E499DC37-2964-4F10-96B4-684FF8734C3E}.Debug|Any CPU.ActiveCfg = Debug|Any CPU
		{E499DC37-2964-4F10-96B4-684FF8734C3E}.Debug|Any CPU.Build.0 = Debug|Any CPU
		{E499DC37-2964-4F10-96B4-684FF8734C3E}.Release|Any CPU.ActiveCfg = Release|Any CPU
		{E499DC37-2964-4F10-96B4-684FF8734C3E}.Release|Any CPU.Build.0 = Release|Any CPU
	EndGlobalSection
	GlobalSection(SolutionProperties) = preSolution
		HideSolutionNode = FALSE
	EndGlobalSection
	GlobalSection(ExtensibilityGlobals) = postSolution
		SolutionGuid = {62E403A2-6FEF-49F3-B6BF-8504598FD3A7}
	EndGlobalSection
EndGlobal
